// !$*UTF8*$!
{
	archiveVersion = 1;
	classes = {
	};
	objectVersion = 77;
	objects = {

/* Begin PBXBuildFile section */
		EAEE3AFF2FA53D9200B42104 /* SnapshotTesting in Frameworks */ = {isa = PBXBuildFile; productRef = EAEE3AFE2FA53D9200B42104 /* SnapshotTesting */; };
/* End PBXBuildFile section */

/* Begin PBXContainerItemProxy section */
		EAEE3AE92FA53CDF00B42104 /* PBXContainerItemProxy */ = {
			isa = PBXContainerItemProxy;
			containerPortal = EAEE39D52FA3C63A00B42104 /* Project object */;
			proxyType = 1;
			remoteGlobalIDString = EAEE39DC2FA3C63A00B42104;
			remoteInfo = Linter;
		};
		EAEE3AF82FA53CFB00B42104 /* PBXContainerItemProxy */ = {
			isa = PBXContainerItemProxy;
			containerPortal = EAEE39D52FA3C63A00B42104 /* Project object */;
			proxyType = 1;
			remoteGlobalIDString = EAEE39DC2FA3C63A00B42104;
			remoteInfo = Linter;
		};
/* End PBXContainerItemProxy section */

/* Begin PBXFileReference section */
		EAEE39DD2FA3C63A00B42104 /* Write Lint.app */ = {isa = PBXFileReference; explicitFileType = wrapper.application; includeInIndex = 0; path = "Write Lint.app"; sourceTree = BUILT_PRODUCTS_DIR; };
		EAEE3AE52FA53CDF00B42104 /* Write LintTests.xctest */ = {isa = PBXFileReference; explicitFileType = wrapper.cfbundle; includeInIndex = 0; path = "Write LintTests.xctest"; sourceTree = BUILT_PRODUCTS_DIR; };
		EAEE3AF22FA53CFB00B42104 /* Write LintUITests.xctest */ = {isa = PBXFileReference; explicitFileType = wrapper.cfbundle; includeInIndex = 0; path = "Write LintUITests.xctest"; sourceTree = BUILT_PRODUCTS_DIR; };
/* End PBXFileReference section */

/* Begin PBXFileSystemSynchronizedRootGroup section */
		EAEE39DF2FA3C63A00B42104 /* Linter */ = {
			isa = PBXFileSystemSynchronizedRootGroup;
			path = Linter;
			sourceTree = "<group>";
		};
		EAEE3AE62FA53CDF00B42104 /* LinterTests */ = {
			isa = PBXFileSystemSynchronizedRootGroup;
			path = LinterTests;
			sourceTree = "<group>";
		};
		EAEE3AF32FA53CFB00B42104 /* LinterUITests */ = {
			isa = PBXFileSystemSynchronizedRootGroup;
			path = LinterUITests;
			sourceTree = "<group>";
		};
/* End PBXFileSystemSynchronizedRootGroup section */

/* Begin PBXFrameworksBuildPhase section */
		EAEE39DA2FA3C63A00B42104 /* Frameworks */ = {
			isa = PBXFrameworksBuildPhase;
			buildActionMask = 2147483647;
			files = (
			);
			runOnlyForDeploymentPostprocessing = 0;
		};
		EAEE3AE22FA53CDF00B42104 /* Frameworks */ = {
			isa = PBXFrameworksBuildPhase;
			buildActionMask = 2147483647;
			files = (
				EAEE3AFF2FA53D9200B42104 /* SnapshotTesting in Frameworks */,
			);
			runOnlyForDeploymentPostprocessing = 0;
		};
		EAEE3AEF2FA53CFB00B42104 /* Frameworks */ = {
			isa = PBXFrameworksBuildPhase;
			buildActionMask = 2147483647;
			files = (
			);
			runOnlyForDeploymentPostprocessing = 0;
		};
/* End PBXFrameworksBuildPhase section */

/* Begin PBXGroup section */
		EAEE39D42FA3C63A00B42104 = {
			isa = PBXGroup;
			children = (
				EAEE39DF2FA3C63A00B42104 /* Linter */,
				EAEE3AE62FA53CDF00B42104 /* LinterTests */,
				EAEE3AF32FA53CFB00B42104 /* LinterUITests */,
				EAEE39DE2FA3C63A00B42104 /* Products */,
			);
			sourceTree = "<group>";
		};
		EAEE39DE2FA3C63A00B42104 /* Products */ = {
			isa = PBXGroup;
			children = (
				EAEE39DD2FA3C63A00B42104 /* Write Lint.app */,
				EAEE3AE52FA53CDF00B42104 /* Write LintTests.xctest */,
				EAEE3AF22FA53CFB00B42104 /* Write LintUITests.xctest */,
			);
			name = Products;
			sourceTree = "<group>";
		};
/* End PBXGroup section */

/* Begin PBXNativeTarget section */
		EAEE39DC2FA3C63A00B42104 /* Write Lint */ = {
			isa = PBXNativeTarget;
			buildConfigurationList = EAEE39E82FA3C63B00B42104 /* Build configuration list for PBXNativeTarget "Write Lint" */;
			buildPhases = (
				EAEE39D92FA3C63A00B42104 /* Sources */,
				EAEE39DA2FA3C63A00B42104 /* Frameworks */,
				EAEE39DB2FA3C63A00B42104 /* Resources */,
			);
			buildRules = (
			);
			dependencies = (
			);
			fileSystemSynchronizedGroups = (
				EAEE39DF2FA3C63A00B42104 /* Linter */,
			);
			name = "Write Lint";
			packageProductDependencies = (
			);
			productName = Linter;
			productReference = EAEE39DD2FA3C63A00B42104 /* Write Lint.app */;
			productType = "com.apple.product-type.application";
		};
		EAEE3AE42FA53CDF00B42104 /* Write LintTests */ = {
			isa = PBXNativeTarget;
			buildConfigurationList = EAEE3AED2FA53CDF00B42104 /* Build configuration list for PBXNativeTarget "Write LintTests" */;
			buildPhases = (
				EAEE3AE12FA53CDF00B42104 /* Sources */,
				EAEE3AE22FA53CDF00B42104 /* Frameworks */,
				EAEE3AE32FA53CDF00B42104 /* Resources */,
			);
			buildRules = (
			);
			dependencies = (
				EAEE3AEA2FA53CDF00B42104 /* PBXTargetDependency */,
			);
			fileSystemSynchronizedGroups = (
				EAEE3AE62FA53CDF00B42104 /* LinterTests */,
			);
			name = "Write LintTests";
			packageProductDependencies = (
				EAEE3AFE2FA53D9200B42104 /* SnapshotTesting */,
			);
			productName = LinterTests;
			productReference = EAEE3AE52FA53CDF00B42104 /* Write LintTests.xctest */;
			productType = "com.apple.product-type.bundle.unit-test";
		};
		EAEE3AF12FA53CFB00B42104 /* Write LintUITests */ = {
			isa = PBXNativeTarget;
			buildConfigurationList = EAEE3AFA2FA53CFB00B42104 /* Build configuration list for PBXNativeTarget "Write LintUITests" */;
			buildPhases = (
				EAEE3AEE2FA53CFB00B42104 /* Sources */,
				EAEE3AEF2FA53CFB00B42104 /* Frameworks */,
				EAEE3AF02FA53CFB00B42104 /* Resources */,
			);
			buildRules = (
			);
			dependencies = (
				EAEE3AF92FA53CFB00B42104 /* PBXTargetDependency */,
			);
			fileSystemSynchronizedGroups = (
				EAEE3AF32FA53CFB00B42104 /* LinterUITests */,
			);
			name = "Write LintUITests";
			packageProductDependencies = (
			);
			productName = LinterUITests;
			productReference = EAEE3AF22FA53CFB00B42104 /* Write LintUITests.xctest */;
			productType = "com.apple.product-type.bundle.ui-testing";
		};
/* End PBXNativeTarget section */

/* Begin PBXProject section */
		EAEE39D52FA3C63A00B42104 /* Project object */ = {
			isa = PBXProject;
			attributes = {
				BuildIndependentTargetsInParallel = 1;
				LastSwiftUpdateCheck = 2640;
				LastUpgradeCheck = 2640;
				TargetAttributes = {
					EAEE39DC2FA3C63A00B42104 = {
						CreatedOnToolsVersion = 26.4.1;
					};
					EAEE3AE42FA53CDF00B42104 = {
						CreatedOnToolsVersion = 26.4.1;
						TestTargetID = EAEE39DC2FA3C63A00B42104;
					};
					EAEE3AF12FA53CFB00B42104 = {
						CreatedOnToolsVersion = 26.4.1;
						TestTargetID = EAEE39DC2FA3C63A00B42104;
					};
				};
			};
			buildConfigurationList = EAEE39D82FA3C63A00B42104 /* Build configuration list for PBXProject "Write Lint" */;
			developmentRegion = en;
			hasScannedForEncodings = 0;
			knownRegions = (
				en,
				Base,
			);
			mainGroup = EAEE39D42FA3C63A00B42104;
			minimizedProjectReferenceProxies = 1;
			packageReferences = (
				EAEE3AFD2FA53D9200B42104 /* XCRemoteSwiftPackageReference "swift-snapshot-testing" */,
			);
			preferredProjectObjectVersion = 77;
			productRefGroup = EAEE39DE2FA3C63A00B42104 /* Products */;
			projectDirPath = "";
			projectRoot = "";
			targets = (
				EAEE39DC2FA3C63A00B42104 /* Write Lint */,
				EAEE3AE42FA53CDF00B42104 /* Write LintTests */,
				EAEE3AF12FA53CFB00B42104 /* Write LintUITests */,
			);
		};
/* End PBXProject section */

/* Begin PBXResourcesBuildPhase section */
		EAEE39DB2FA3C63A00B42104 /* Resources */ = {
			isa = PBXResourcesBuildPhase;
			buildActionMask = 2147483647;
			files = (
			);
			runOnlyForDeploymentPostprocessing = 0;
		};
		EAEE3AE32FA53CDF00B42104 /* Resources */ = {
			isa = PBXResourcesBuildPhase;
			buildActionMask = 2147483647;
			files = (
			);
			runOnlyForDeploymentPostprocessing = 0;
		};
		EAEE3AF02FA53CFB00B42104 /* Resources */ = {
			isa = PBXResourcesBuildPhase;
			buildActionMask = 2147483647;
			files = (
			);
			runOnlyForDeploymentPostprocessing = 0;
		};
/* End PBXResourcesBuildPhase section */

/* Begin PBXSourcesBuildPhase section */
		EAEE39D92FA3C63A00B42104 /* Sources */ = {
			isa = PBXSourcesBuildPhase;
			buildActionMask = 2147483647;
			files = (
			);
			runOnlyForDeploymentPostprocessing = 0;
		};
		EAEE3AE12FA53CDF00B42104 /* Sources */ = {
			isa = PBXSourcesBuildPhase;
			buildActionMask = 2147483647;
			files = (
			);
			runOnlyForDeploymentPostprocessing = 0;
		};
		EAEE3AEE2FA53CFB00B42104 /* Sources */ = {
			isa = PBXSourcesBuildPhase;
			buildActionMask = 2147483647;
			files = (
			);
			runOnlyForDeploymentPostprocessing = 0;
		};
/* End PBXSourcesBuildPhase section */

/* Begin PBXTargetDependency section */
		EAEE3AEA2FA53CDF00B42104 /* PBXTargetDependency */ = {
			isa = PBXTargetDependency;
			target = EAEE39DC2FA3C63A00B42104 /* Write Lint */;
			targetProxy = EAEE3AE92FA53CDF00B42104 /* PBXContainerItemProxy */;
		};
		EAEE3AF92FA53CFB00B42104 /* PBXTargetDependency */ = {
			isa = PBXTargetDependency;
			target = EAEE39DC2FA3C63A00B42104 /* Write Lint */;
			targetProxy = EAEE3AF82FA53CFB00B42104 /* PBXContainerItemProxy */;
		};
/* End PBXTargetDependency section */

/* Begin XCBuildConfiguration section */
		EAEE39E62FA3C63B00B42104 /* Debug */ = {
			isa = XCBuildConfiguration;
			buildSettings = {
				ALWAYS_SEARCH_USER_PATHS = NO;
				ASSETCATALOG_COMPILER_GENERATE_SWIFT_ASSET_SYMBOL_EXTENSIONS = YES;
				CLANG_ANALYZER_NONNULL = YES;
				CLANG_ANALYZER_NUMBER_OBJECT_CONVERSION = YES_AGGRESSIVE;
				CLANG_CXX_LANGUAGE_STANDARD = "gnu++20";
				CLANG_ENABLE_MODULES = YES;
				CLANG_ENABLE_OBJC_ARC = YES;
				CLANG_ENABLE_OBJC_WEAK = YES;
				CLANG_WARN_BLOCK_CAPTURE_AUTORELEASING = YES;
				CLANG_WARN_BOOL_CONVERSION = YES;
				CLANG_WARN_COMMA = YES;
				CLANG_WARN_CONSTANT_CONVERSION = YES;
				CLANG_WARN_DEPRECATED_OBJC_IMPLEMENTATIONS = YES;
				CLANG_WARN_DIRECT_OBJC_ISA_USAGE = YES_ERROR;
				CLANG_WARN_DOCUMENTATION_COMMENTS = YES;
				CLANG_WARN_EMPTY_BODY = YES;
				CLANG_WARN_ENUM_CONVERSION = YES;
				CLANG_WARN_INFINITE_RECURSION = YES;
				CLANG_WARN_INT_CONVERSION = YES;
				CLANG_WARN_NON_LITERAL_NULL_CONVERSION = YES;
				CLANG_WARN_OBJC_IMPLICIT_RETAIN_SELF = YES;
				CLANG_WARN_OBJC_LITERAL_CONVERSION = YES;
				CLANG_WARN_OBJC_ROOT_CLASS = YES_ERROR;
				CLANG_WARN_QUOTED_INCLUDE_IN_FRAMEWORK_HEADER = YES;
				CLANG_WARN_RANGE_LOOP_ANALYSIS = YES;
				CLANG_WARN_STRICT_PROTOTYPES = YES;
				CLANG_WARN_SUSPICIOUS_MOVE = YES;
				CLANG_WARN_UNGUARDED_AVAILABILITY = YES_AGGRESSIVE;
				CLANG_WARN_UNREACHABLE_CODE = YES;
				CLANG_WARN__DUPLICATE_METHOD_MATCH = YES;
				COPY_PHASE_STRIP = NO;
				DEBUG_INFORMATION_FORMAT = dwarf;
				DEVELOPMENT_TEAM = J7F9MRA4G4;
				ENABLE_STRICT_OBJC_MSGSEND = YES;
				ENABLE_TESTABILITY = YES;
				ENABLE_USER_SCRIPT_SANDBOXING = YES;
				GCC_C_LANGUAGE_STANDARD = gnu17;
				GCC_DYNAMIC_NO_PIC = NO;
				GCC_NO_COMMON_BLOCKS = YES;
				GCC_OPTIMIZATION_LEVEL = 0;
				GCC_PREPROCESSOR_DEFINITIONS = (
					"DEBUG=1",
					"$(inherited)",
				);
				GCC_WARN_64_TO_32_BIT_CONVERSION = YES;
				GCC_WARN_ABOUT_RETURN_TYPE = YES_ERROR;
				GCC_WARN_UNDECLARED_SELECTOR = YES;
				GCC_WARN_UNINITIALIZED_AUTOS = YES_AGGRESSIVE;
				GCC_WARN_UNUSED_FUNCTION = YES;
				GCC_WARN_UNUSED_VARIABLE = YES;
				LOCALIZATION_PREFERS_STRING_CATALOGS = YES;
				MACOSX_DEPLOYMENT_TARGET = 26.4;
				MTL_ENABLE_DEBUG_INFO = INCLUDE_SOURCE;
				MTL_FAST_MATH = YES;
				ONLY_ACTIVE_ARCH = YES;
				SDKROOT = macosx;
				SWIFT_ACTIVE_COMPILATION_CONDITIONS = "DEBUG $(inherited)";
				SWIFT_OPTIMIZATION_LEVEL = "-Onone";
			};
			name = Debug;
		};
		EAEE39E72FA3C63B00B42104 /* Release */ = {
			isa = XCBuildConfiguration;
			buildSettings = {
				ALWAYS_SEARCH_USER_PATHS = NO;
				ASSETCATALOG_COMPILER_GENERATE_SWIFT_ASSET_SYMBOL_EXTENSIONS = YES;
				CLANG_ANALYZER_NONNULL = YES;
				CLANG_ANALYZER_NUMBER_OBJECT_CONVERSION = YES_AGGRESSIVE;
				CLANG_CXX_LANGUAGE_STANDARD = "gnu++20";
				CLANG_ENABLE_MODULES = YES;
				CLANG_ENABLE_OBJC_ARC = YES;
				CLANG_ENABLE_OBJC_WEAK = YES;
				CLANG_WARN_BLOCK_CAPTURE_AUTORELEASING = YES;
				CLANG_WARN_BOOL_CONVERSION = YES;
				CLANG_WARN_COMMA = YES;
				CLANG_WARN_CONSTANT_CONVERSION = YES;
				CLANG_WARN_DEPRECATED_OBJC_IMPLEMENTATIONS = YES;
				CLANG_WARN_DIRECT_OBJC_ISA_USAGE = YES_ERROR;
				CLANG_WARN_DOCUMENTATION_COMMENTS = YES;
				CLANG_WARN_EMPTY_BODY = YES;
				CLANG_WARN_ENUM_CONVERSION = YES;
				CLANG_WARN_INFINITE_RECURSION = YES;
				CLANG_WARN_INT_CONVERSION = YES;
				CLANG_WARN_NON_LITERAL_NULL_CONVERSION = YES;
				CLANG_WARN_OBJC_IMPLICIT_RETAIN_SELF = YES;
				CLANG_WARN_OBJC_LITERAL_CONVERSION = YES;
				CLANG_WARN_OBJC_ROOT_CLASS = YES_ERROR;
				CLANG_WARN_QUOTED_INCLUDE_IN_FRAMEWORK_HEADER = YES;
				CLANG_WARN_RANGE_LOOP_ANALYSIS = YES;
				CLANG_WARN_STRICT_PROTOTYPES = YES;
				CLANG_WARN_SUSPICIOUS_MOVE = YES;
				CLANG_WARN_UNGUARDED_AVAILABILITY = YES_AGGRESSIVE;
				CLANG_WARN_UNREACHABLE_CODE = YES;
				CLANG_WARN__DUPLICATE_METHOD_MATCH = YES;
				COPY_PHASE_STRIP = NO;
				DEBUG_INFORMATION_FORMAT = "dwarf-with-dsym";
				DEVELOPMENT_TEAM = J7F9MRA4G4;
				ENABLE_NS_ASSERTIONS = NO;
				ENABLE_STRICT_OBJC_MSGSEND = YES;
				ENABLE_USER_SCRIPT_SANDBOXING = YES;
				GCC_C_LANGUAGE_STANDARD = gnu17;
				GCC_NO_COMMON_BLOCKS = YES;
				GCC_WARN_64_TO_32_BIT_CONVERSION = YES;
				GCC_WARN_ABOUT_RETURN_TYPE = YES_ERROR;
				GCC_WARN_UNDECLARED_SELECTOR = YES;
				GCC_WARN_UNINITIALIZED_AUTOS = YES_AGGRESSIVE;
				GCC_WARN_UNUSED_FUNCTION = YES;
				GCC_WARN_UNUSED_VARIABLE = YES;
				LOCALIZATION_PREFERS_STRING_CATALOGS = YES;
				MACOSX_DEPLOYMENT_TARGET = 26.4;
				MTL_ENABLE_DEBUG_INFO = NO;
				MTL_FAST_MATH = YES;
				SDKROOT = macosx;
				SWIFT_COMPILATION_MODE = wholemodule;
			};
			name = Release;
		};
		EAEE39E92FA3C63B00B42104 /* Debug */ = {
			isa = XCBuildConfiguration;
			buildSettings = {
				ASSETCATALOG_COMPILER_APPICON_NAME = AppIcon;
				ASSETCATALOG_COMPILER_GLOBAL_ACCENT_COLOR_NAME = AccentColor;
				CODE_SIGN_ENTITLEMENTS = Linter/Linter.entitlements;
				"CODE_SIGN_IDENTITY[sdk=macosx*]" = "Apple Development";
				CODE_SIGN_STYLE = Automatic;
				COMBINE_HIDPI_IMAGES = YES;
				CURRENT_PROJECT_VERSION = 5;
				DEVELOPMENT_TEAM = J7F9MRA4G4;
				ENABLE_APP_SANDBOX = NO;
				ENABLE_HARDENED_RUNTIME = YES;
				ENABLE_PREVIEWS = YES;
				GENERATE_INFOPLIST_FILE = YES;
				INFOPLIST_KEY_CFBundleDisplayName = "Write Lint";
				INFOPLIST_KEY_CFBundleName = "Write Lint";
				INFOPLIST_KEY_LSApplicationCategoryType = "public.app-category.productivity";
				INFOPLIST_KEY_LSUIElement = YES;
				INFOPLIST_KEY_NSHumanReadableCopyright = "© 2026 Alex Bilozor";
				LD_RUNPATH_SEARCH_PATHS = (
					"$(inherited)",
					"@executable_path/../Frameworks",
				);
				MACOSX_DEPLOYMENT_TARGET = 26.0;
				MARKETING_VERSION = 1.0.1;
				PRODUCT_BUNDLE_IDENTIFIER = Hexaget.WriteLint;
				PRODUCT_NAME = "Write Lint";
				STRING_CATALOG_GENERATE_SYMBOLS = YES;
				SWIFT_APPROACHABLE_CONCURRENCY = YES;
				SWIFT_DEFAULT_ACTOR_ISOLATION = MainActor;
				SWIFT_EMIT_LOC_STRINGS = YES;
				SWIFT_UPCOMING_FEATURE_MEMBER_IMPORT_VISIBILITY = YES;
				SWIFT_VERSION = 5.0;
			};
			name = Debug;
		};
		EAEE39EA2FA3C63B00B42104 /* Release */ = {
			isa = XCBuildConfiguration;
			buildSettings = {
				ASSETCATALOG_COMPILER_APPICON_NAME = AppIcon;
				ASSETCATALOG_COMPILER_GLOBAL_ACCENT_COLOR_NAME = AccentColor;
				CODE_SIGN_ENTITLEMENTS = Linter/Linter.entitlements;
				"CODE_SIGN_IDENTITY[sdk=macosx*]" = "Apple Development";
				CODE_SIGN_STYLE = Automatic;
				COMBINE_HIDPI_IMAGES = YES;
				CURRENT_PROJECT_VERSION = 5;
				DEVELOPMENT_TEAM = J7F9MRA4G4;
				ENABLE_APP_SANDBOX = YES;
				ENABLE_HARDENED_RUNTIME = YES;
				ENABLE_PREVIEWS = YES;
				GENERATE_INFOPLIST_FILE = YES;
				INFOPLIST_KEY_CFBundleDisplayName = "Write Lint";
				INFOPLIST_KEY_CFBundleName = "Write Lint";
				INFOPLIST_KEY_LSApplicationCategoryType = "public.app-category.productivity";
				INFOPLIST_KEY_LSUIElement = YES;
				INFOPLIST_KEY_NSHumanReadableCopyright = "© 2026 Alex Bilozor";
				LD_RUNPATH_SEARCH_PATHS = (
					"$(inherited)",
					"@executable_path/../Frameworks",
				);
				MACOSX_DEPLOYMENT_TARGET = 26.0;
				MARKETING_VERSION = 1.0.1;
				PRODUCT_BUNDLE_IDENTIFIER = Hexaget.WriteLint;
				PRODUCT_NAME = "Write Lint";
				STRING_CATALOG_GENERATE_SYMBOLS = YES;
				SWIFT_APPROACHABLE_CONCURRENCY = YES;
				SWIFT_DEFAULT_ACTOR_ISOLATION = MainActor;
				SWIFT_EMIT_LOC_STRINGS = YES;
				SWIFT_UPCOMING_FEATURE_MEMBER_IMPORT_VISIBILITY = YES;
				SWIFT_VERSION = 5.0;
			};
			name = Release;
		};
		EAEE3AEB2FA53CDF00B42104 /* Debug */ = {
			isa = XCBuildConfiguration;
			buildSettings = {
				BUNDLE_LOADER = "$(TEST_HOST)";
				CODE_SIGN_STYLE = Automatic;
				CURRENT_PROJECT_VERSION = 5;
				DEVELOPMENT_TEAM = J7F9MRA4G4;
				GENERATE_INFOPLIST_FILE = YES;
				MARKETING_VERSION = 1.0.1;
				PRODUCT_BUNDLE_IDENTIFIER = Hexaget.LinterTests;
				PRODUCT_NAME = "$(TARGET_NAME)";
				STRING_CATALOG_GENERATE_SYMBOLS = NO;
				SWIFT_APPROACHABLE_CONCURRENCY = YES;
				SWIFT_EMIT_LOC_STRINGS = NO;
				SWIFT_UPCOMING_FEATURE_MEMBER_IMPORT_VISIBILITY = YES;
				SWIFT_VERSION = 5.0;
				TEST_HOST = "$(BUILT_PRODUCTS_DIR)/Write Lint.app/$(BUNDLE_EXECUTABLE_FOLDER_PATH)/Write Lint";
			};
			name = Debug;
		};
		EAEE3AEC2FA53CDF00B42104 /* Release */ = {
			isa = XCBuildConfiguration;
			buildSettings = {
				BUNDLE_LOADER = "$(TEST_HOST)";
				CODE_SIGN_STYLE = Automatic;
				CURRENT_PROJECT_VERSION = 5;
				DEVELOPMENT_TEAM = J7F9MRA4G4;
				GENERATE_INFOPLIST_FILE = YES;
				MARKETING_VERSION = 1.0.1;
				PRODUCT_BUNDLE_IDENTIFIER = Hexaget.LinterTests;
				PRODUCT_NAME = "$(TARGET_NAME)";
				STRING_CATALOG_GENERATE_SYMBOLS = NO;
				SWIFT_APPROACHABLE_CONCURRENCY = YES;
				SWIFT_EMIT_LOC_STRINGS = NO;
				SWIFT_UPCOMING_FEATURE_MEMBER_IMPORT_VISIBILITY = YES;
				SWIFT_VERSION = 5.0;
				TEST_HOST = "$(BUILT_PRODUCTS_DIR)/Write Lint.app/$(BUNDLE_EXECUTABLE_FOLDER_PATH)/Write Lint";
			};
			name = Release;
		};
		EAEE3AFB2FA53CFB00B42104 /* Debug */ = {
			isa = XCBuildConfiguration;
			buildSettings = {
				CODE_SIGN_STYLE = Automatic;
				CURRENT_PROJECT_VERSION = 5;
				DEVELOPMENT_TEAM = J7F9MRA4G4;
				GENERATE_INFOPLIST_FILE = YES;
				MARKETING_VERSION = 1.0.1;
				PRODUCT_BUNDLE_IDENTIFIER = Hexaget.LinterUITests;
				PRODUCT_NAME = "$(TARGET_NAME)";
				STRING_CATALOG_GENERATE_SYMBOLS = NO;
				SWIFT_APPROACHABLE_CONCURRENCY = YES;
				SWIFT_EMIT_LOC_STRINGS = NO;
				SWIFT_UPCOMING_FEATURE_MEMBER_IMPORT_VISIBILITY = YES;
				SWIFT_VERSION = 5.0;
				TEST_TARGET_NAME = Linter;
			};
			name = Debug;
		};
		EAEE3AFC2FA53CFB00B42104 /* Release */ = {
			isa = XCBuildConfiguration;
			buildSettings = {
				CODE_SIGN_STYLE = Automatic;
				CURRENT_PROJECT_VERSION = 5;
				DEVELOPMENT_TEAM = J7F9MRA4G4;
				GENERATE_INFOPLIST_FILE = YES;
				MARKETING_VERSION = 1.0.1;
				PRODUCT_BUNDLE_IDENTIFIER = Hexaget.LinterUITests;
				PRODUCT_NAME = "$(TARGET_NAME)";
				STRING_CATALOG_GENERATE_SYMBOLS = NO;
				SWIFT_APPROACHABLE_CONCURRENCY = YES;
				SWIFT_EMIT_LOC_STRINGS = NO;
				SWIFT_UPCOMING_FEATURE_MEMBER_IMPORT_VISIBILITY = YES;
				SWIFT_VERSION = 5.0;
				TEST_TARGET_NAME = Linter;
			};
			name = Release;
		};
/* End XCBuildConfiguration section */

/* Begin XCConfigurationList section */
		EAEE39D82FA3C63A00B42104 /* Build configuration list for PBXProject "Write Lint" */ = {
			isa = XCConfigurationList;
			buildConfigurations = (
				EAEE39E62FA3C63B00B42104 /* Debug */,
				EAEE39E72FA3C63B00B42104 /* Release */,
			);
			defaultConfigurationIsVisible = 0;
			defaultConfigurationName = Release;
		};
		EAEE39E82FA3C63B00B42104 /* Build configuration list for PBXNativeTarget "Write Lint" */ = {
			isa = XCConfigurationList;
			buildConfigurations = (
				EAEE39E92FA3C63B00B42104 /* Debug */,
				EAEE39EA2FA3C63B00B42104 /* Release */,
			);
			defaultConfigurationIsVisible = 0;
			defaultConfigurationName = Release;
		};
		EAEE3AED2FA53CDF00B42104 /* Build configuration list for PBXNativeTarget "Write LintTests" */ = {
			isa = XCConfigurationList;
			buildConfigurations = (
				EAEE3AEB2FA53CDF00B42104 /* Debug */,
				EAEE3AEC2FA53CDF00B42104 /* Release */,
			);
			defaultConfigurationIsVisible = 0;
			defaultConfigurationName = Release;
		};
		EAEE3AFA2FA53CFB00B42104 /* Build configuration list for PBXNativeTarget "Write LintUITests" */ = {
			isa = XCConfigurationList;
			buildConfigurations = (
				EAEE3AFB2FA53CFB00B42104 /* Debug */,
				EAEE3AFC2FA53CFB00B42104 /* Release */,
			);
			defaultConfigurationIsVisible = 0;
			defaultConfigurationName = Release;
		};
/* End XCConfigurationList section */

/* Begin XCRemoteSwiftPackageReference section */
		EAEE3AFD2FA53D9200B42104 /* XCRemoteSwiftPackageReference "swift-snapshot-testing" */ = {
			isa = XCRemoteSwiftPackageReference;
			repositoryURL = "https://github.com/pointfreeco/swift-snapshot-testing";
			requirement = {
				kind = upToNextMajorVersion;
				minimumVersion = 1.19.2;
			};
		};
/* End XCRemoteSwiftPackageReference section */

/* Begin XCSwiftPackageProductDependency section */
		EAEE3AFE2FA53D9200B42104 /* SnapshotTesting */ = {
			isa = XCSwiftPackageProductDependency;
			package = EAEE3AFD2FA53D9200B42104 /* XCRemoteSwiftPackageReference "swift-snapshot-testing" */;
			productName = SnapshotTesting;
		};
/* End XCSwiftPackageProductDependency section */
	};
	rootObject = EAEE39D52FA3C63A00B42104 /* Project object */;
}
